
Microsoft Visual Studio Solution File, Format Version 12.00
# Visual Studio Version 16
VisualStudioVersion = 16.0.31424.327
MinimumVisualStudioVersion = 10.0.40219.1
Project("{FAE04EC0-301F-11D3-BF4B-00C04F79EFBC}") = "App", "App\App.csproj", "{BA64D922-2155-413A-B844-C48181C0334E}"
EndProject
Project("{FAE04EC0-301F-11D3-BF4B-00C04F79EFBC}") = "Test", "Test\Test.csproj", "{FD514FAB-5518-4D27-9E03-C2F74DF72277}"
EndProject
Global
	GlobalSection(SolutionConfigurationPlatforms) = preSolution
		Debug|Any CPU = Debug|Any CPU
		Release|Any CPU = Release|Any CPU
	EndGlobalSection
	GlobalSection(ProjectConfigurationPlatforms) = postSolution
		{BA64D922-2155-413A-B844-C48181C0334E}.Debug|Any CPU.ActiveCfg = Debug|Any CPU
		{BA64D922-2155-413A-B844-C48181C0334E}.Debug|Any CPU.Build.0 = Debug|Any CPU
		{BA64D922-2155-413A-B844-C48181C0334E}.Release|Any CPU.ActiveCfg = Release|Any CPU
		{BA64D922-2155-413A-B844-C48181C0334E}.Release|Any CPU.Build.0 = Release|Any CPU
		{FD514FAB-5518-4D27-9E03-C2F74DF72277}.Debug|Any CPU.ActiveCfg = Debug|Any CPU
		{FD514FAB-5518-4D27-9E03-C2F74DF72277}.Debug|Any CPU.Build.0 = Debug|Any CPU
		{FD514FAB-5518-4D27-9E03-C2F74DF72277}.Release|Any CPU.ActiveCfg = Release|Any CPU
		{FD514FAB-5518-4D27-9E03-C2F74DF72277}.Release|Any CPU.Build.0 = Release|Any CPU
	EndGlobalSection
	GlobalSection(SolutionProperties) = preSolution
		HideSolutionNode = FALSE
	EndGlobalSection
	GlobalSection(ExtensibilityGlobals) = postSolution
		SolutionGuid = {A8DC33A7-F764-474E-8722-1B0734875334}
	EndGlobalSection
EndGlobal
